
Microsoft Visual Studio Solution File, Format Version 12.00
# Visual Studio 15
VisualStudioVersion = 15.0.27428.2015
MinimumVisualStudioVersion = 10.0.40219.1
Project("{FAE04EC0-301F-11D3-BF4B-00C04F79EFBC}") = "HeuristicLab.Algorithms.AlpsNsga2", "HeuristicLab.Algorithms.AlpsNsga2\HeuristicLab.Algorithms.AlpsNsga2.csproj", "{655E4B2F-2C7D-46C9-A6BF-3D98A78DF53F}"
EndProject
Global
	GlobalSection(SolutionConfigurationPlatforms) = preSolution
		Debug|Any CPU = Debug|Any CPU
		Release|Any CPU = Release|Any CPU
	EndGlobalSection
	GlobalSection(ProjectConfigurationPlatforms) = postSolution
		{655E4B2F-2C7D-46C9-A6BF-3D98A78DF53F}.Debug|Any CPU.ActiveCfg = Debug|Any CPU
		{655E4B2F-2C7D-46C9-A6BF-3D98A78DF53F}.Debug|Any CPU.Build.0 = Debug|Any CPU
		{655E4B2F-2C7D-46C9-A6BF-3D98A78DF53F}.Release|Any CPU.ActiveCfg = Release|Any CPU
		{655E4B2F-2C7D-46C9-A6BF-3D98A78DF53F}.Release|Any CPU.Build.0 = Release|Any CPU
	EndGlobalSection
	GlobalSection(SolutionProperties) = preSolution
		HideSolutionNode = FALSE
	EndGlobalSection
	GlobalSection(ExtensibilityGlobals) = postSolution
		SolutionGuid = {25E9C20E-2DE7-4D3C-B746-0DE9DB67DD16}
	EndGlobalSection
EndGlobal
